Microsoft Visual Studio Solution File, Format Version 12.00
# Visual Studio Version 17
VisualStudioVersion = 17.11.35327.3
MinimumVisualStudioVersion = 10.0.40219.1
Project("{9A19103F-16F7-4668-BE54-9A1E7A4F7556}") = "Playground", "sample\Playground\Playground.csproj", "{69175BBF-DEAF-4CB3-AF0B-913C67B5F1CF}"
EndProject
Global
	GlobalSection(SolutionConfigurationPlatforms) = preSolution
		Debug|Any CPU = Debug|Any CPU
		Release|Any CPU = Release|Any CPU
	EndGlobalSection
	GlobalSection(ProjectConfigurationPlatforms) = postSolution
		{69175BBF-DEAF-4CB3-AF0B-913C67B5F1CF}.Debug|Any CPU.ActiveCfg = Debug|Any CPU
		{69175BBF-DEAF-4CB3-AF0B-913C67B5F1CF}.Debug|Any CPU.Build.0 = Debug|Any CPU
		{69175BBF-DEAF-4CB3-AF0B-913C67B5F1CF}.Debug|Any CPU.Deploy.0 = Debug|Any CPU
		{69175BBF-DEAF-4CB3-AF0B-913C67B5F1CF}.Release|Any CPU.ActiveCfg = Release|Any CPU
		{69175BBF-DEAF-4CB3-AF0B-913C67B5F1CF}.Release|Any CPU.Build.0 = Release|Any CPU
	EndGlobalSection
	GlobalSection(SolutionProperties) = preSolution
		HideSolutionNode = FALSE
	EndGlobalSection
	GlobalSection(ExtensibilityGlobals) = postSolution
		SolutionGuid = {34BCCEC3-6207-4178-92CE-154CB6242B9E}
	EndGlobalSection
EndGlobal
